
Microsoft Visual Studio Solution File, Format Version 12.00
# Visual Studio Version 16
VisualStudioVersion = 16.0.30803.129
MinimumVisualStudioVersion = 10.0.40219.1
Project("{9A19103F-16F7-4668-BE54-9A1E7A4F7556}") = "SharpAlliance.Editor", "SharpAlliance.Editor\SharpAlliance.Editor.csproj", "{BDFFAF35-CB13-442F-A9DD-4FDB8E01886C}"
EndProject
Project("{9A19103F-16F7-4668-BE54-9A1E7A4F7556}") = "SharpAlliance.Laptop", "SharpAlliance.Laptop\SharpAlliance.Laptop.csproj", "{2BD22ABB-D8F2-4E29-84A1-42C03980B3F2}"
EndProject
Project("{9A19103F-16F7-4668-BE54-9A1E7A4F7556}") = "SharpAlliance.Platform", "SharpAlliance.Platform\SharpAlliance.Platform.csproj", "{E04B99C3-D3E6-4650-9F75-49E665BDC0B8}"
EndProject
Project("{9A19103F-16F7-4668-BE54-9A1E7A4F7556}") = "SharpAlliance.Web.Server", "SharpAlliance.Web\Server\SharpAlliance.Web.Server.csproj", "{24A494C2-4DEB-4CBA-B558-65C1B6F492FE}"
EndProject
Project("{9A19103F-16F7-4668-BE54-9A1E7A4F7556}") = "SharpAlliance.Web.Client", "SharpAlliance.Web\Client\SharpAlliance.Web.Client.csproj", "{A0FF96E4-B3B2-4D38-9FB4-6931B260F91E}"
EndProject
Project("{9A19103F-16F7-4668-BE54-9A1E7A4F7556}") = "SharpAlliance.Web.Shared", "SharpAlliance.Web\Shared\SharpAlliance.Web.Shared.csproj", "{610FB60E-7BE2-4EF7-BF2E-858D78F68B3C}"
EndProject
Project("{2150E333-8FDC-42A3-9474-1A3956D46DE8}") = "Tests", "Tests", "{45C67629-0A80-476C-A71A-3C1DDFD294B7}"
EndProject
Project("{9A19103F-16F7-4668-BE54-9A1E7A4F7556}") = "SharpAlliance", "SharpAlliance\SharpAlliance.csproj", "{7EA5A120-9842-4960-AE60-09E67946055E}"
EndProject
Project("{2150E333-8FDC-42A3-9474-1A3956D46DE8}") = "Solution Items", "Solution Items", "{C5B24EAE-895F-46BB-AEB2-4F4C91996634}"
	ProjectSection(SolutionItems) = preProject
		.editorconfig = .editorconfig
		Directory.Build.props = Directory.Build.props
	EndProjectSection
EndProject
Project("{9A19103F-16F7-4668-BE54-9A1E7A4F7556}") = "SharpAlliance.Core", "SharpAlliance.Core\SharpAlliance.Core.csproj", "{BA2FEB4F-7EED-4181-A986-5483408D6BDC}"
EndProject
Project("{9A19103F-16F7-4668-BE54-9A1E7A4F7556}") = "SharpAlliance.Strategic", "SharpAlliance.Strategic\SharpAlliance.Strategic.csproj", "{CF461EBB-24B3-409C-BF19-52D3745E92CE}"
EndProject
Project("{9A19103F-16F7-4668-BE54-9A1E7A4F7556}") = "SharpAlliance.Tactical", "SharpAlliance.Tactical\SharpAlliance.Tactical.csproj", "{1160BF7E-6489-4CF9-A002-47D880327096}"
EndProject
Project("{9A19103F-16F7-4668-BE54-9A1E7A4F7556}") = "SharpAlliance.TacticalAI", "SharpAlliance.TacticalAI\SharpAlliance.TacticalAI.csproj", "{83A0067A-538B-4DAA-983C-B0E1CFE4814B}"
EndProject
Project("{9A19103F-16F7-4668-BE54-9A1E7A4F7556}") = "SharpAlliance.TileEngine", "SharpAlliance.TileEngine\SharpAlliance.TileEngine.csproj", "{39C99DED-9DEB-4033-B560-E84D9EA1A371}"
EndProject
Project("{9A19103F-16F7-4668-BE54-9A1E7A4F7556}") = "SharpAlliance.Utils", "SharpAlliance.Utils\SharpAlliance.Utils.csproj", "{E85C2319-2A46-4632-86E7-10C1EB4A9AB4}"
EndProject
Project("{9A19103F-16F7-4668-BE54-9A1E7A4F7556}") = "SharpAlliance.Core.Tests", "Tests\SharpAlliance.Core.Tests\SharpAlliance.Core.Tests.csproj", "{D52D28A0-F42F-4230-8A2C-4B4D52E1EC49}"
EndProject
Global
	GlobalSection(SolutionConfigurationPlatforms) = preSolution
		Debug|Any CPU = Debug|Any CPU
		Release|Any CPU = Release|Any CPU
	EndGlobalSection
	GlobalSection(ProjectConfigurationPlatforms) = postSolution
		{BDFFAF35-CB13-442F-A9DD-4FDB8E01886C}.Debug|Any CPU.ActiveCfg = Debug|Any CPU
		{BDFFAF35-CB13-442F-A9DD-4FDB8E01886C}.Debug|Any CPU.Build.0 = Debug|Any CPU
		{BDFFAF35-CB13-442F-A9DD-4FDB8E01886C}.Release|Any CPU.ActiveCfg = Release|Any CPU
		{BDFFAF35-CB13-442F-A9DD-4FDB8E01886C}.Release|Any CPU.Build.0 = Release|Any CPU
		{2BD22ABB-D8F2-4E29-84A1-42C03980B3F2}.Debug|Any CPU.ActiveCfg = Debug|Any CPU
		{2BD22ABB-D8F2-4E29-84A1-42C03980B3F2}.Debug|Any CPU.Build.0 = Debug|Any CPU
		{2BD22ABB-D8F2-4E29-84A1-42C03980B3F2}.Release|Any CPU.ActiveCfg = Release|Any CPU
		{2BD22ABB-D8F2-4E29-84A1-42C03980B3F2}.Release|Any CPU.Build.0 = Release|Any CPU
		{E04B99C3-D3E6-4650-9F75-49E665BDC0B8}.Debug|Any CPU.ActiveCfg = Debug|Any CPU
		{E04B99C3-D3E6-4650-9F75-49E665BDC0B8}.Debug|Any CPU.Build.0 = Debug|Any CPU
		{E04B99C3-D3E6-4650-9F75-49E665BDC0B8}.Release|Any CPU.ActiveCfg = Release|Any CPU
		{E04B99C3-D3E6-4650-9F75-49E665BDC0B8}.Release|Any CPU.Build.0 = Release|Any CPU
		{24A494C2-4DEB-4CBA-B558-65C1B6F492FE}.Debug|Any CPU.ActiveCfg = Debug|Any CPU
		{24A494C2-4DEB-4CBA-B558-65C1B6F492FE}.Debug|Any CPU.Build.0 = Debug|Any CPU
		{24A494C2-4DEB-4CBA-B558-65C1B6F492FE}.Release|Any CPU.ActiveCfg = Release|Any CPU
		{24A494C2-4DEB-4CBA-B558-65C1B6F492FE}.Release|Any CPU.Build.0 = Release|Any CPU
		{A0FF96E4-B3B2-4D38-9FB4-6931B260F91E}.Debug|Any CPU.ActiveCfg = Debug|Any CPU
		{A0FF96E4-B3B2-4D38-9FB4-6931B260F91E}.Debug|Any CPU.Build.0 = Debug|Any CPU
		{A0FF96E4-B3B2-4D38-9FB4-6931B260F91E}.Release|Any CPU.ActiveCfg = Release|Any CPU
		{A0FF96E4-B3B2-4D38-9FB4-6931B260F91E}.Release|Any CPU.Build.0 = Release|Any CPU
		{610FB60E-7BE2-4EF7-BF2E-858D78F68B3C}.Debug|Any CPU.ActiveCfg = Debug|Any CPU
		{610FB60E-7BE2-4EF7-BF2E-858D78F68B3C}.Debug|Any CPU.Build.0 = Debug|Any CPU
		{610FB60E-7BE2-4EF7-BF2E-858D78F68B3C}.Release|Any CPU.ActiveCfg = Release|Any CPU
		{610FB60E-7BE2-4EF7-BF2E-858D78F68B3C}.Release|Any CPU.Build.0 = Release|Any CPU
		{7EA5A120-9842-4960-AE60-09E67946055E}.Debug|Any CPU.ActiveCfg = Debug|Any CPU
		{7EA5A120-9842-4960-AE60-09E67946055E}.Debug|Any CPU.Build.0 = Debug|Any CPU
		{7EA5A120-9842-4960-AE60-09E67946055E}.Release|Any CPU.ActiveCfg = Release|Any CPU
		{7EA5A120-9842-4960-AE60-09E67946055E}.Release|Any CPU.Build.0 = Release|Any CPU
		{BA2FEB4F-7EED-4181-A986-5483408D6BDC}.Debug|Any CPU.ActiveCfg = Debug|Any CPU
		{BA2FEB4F-7EED-4181-A986-5483408D6BDC}.Debug|Any CPU.Build.0 = Debug|Any CPU
		{BA2FEB4F-7EED-4181-A986-5483408D6BDC}.Release|Any CPU.ActiveCfg = Release|Any CPU
		{BA2FEB4F-7EED-4181-A986-5483408D6BDC}.Release|Any CPU.Build.0 = Release|Any CPU
		{CF461EBB-24B3-409C-BF19-52D3745E92CE}.Debug|Any CPU.ActiveCfg = Debug|Any CPU
		{CF461EBB-24B3-409C-BF19-52D3745E92CE}.Debug|Any CPU.Build.0 = Debug|Any CPU
		{CF461EBB-24B3-409C-BF19-52D3745E92CE}.Release|Any CPU.ActiveCfg = Release|Any CPU
		{CF461EBB-24B3-409C-BF19-52D3745E92CE}.Release|Any CPU.Build.0 = Release|Any CPU
		{1160BF7E-6489-4CF9-A002-47D880327096}.Debug|Any CPU.ActiveCfg = Debug|Any CPU
		{1160BF7E-6489-4CF9-A002-47D880327096}.Debug|Any CPU.Build.0 = Debug|Any CPU
		{1160BF7E-6489-4CF9-A002-47D880327096}.Release|Any CPU.ActiveCfg = Release|Any CPU
		{1160BF7E-6489-4CF9-A002-47D880327096}.Release|Any CPU.Build.0 = Release|Any CPU
		{83A0067A-538B-4DAA-983C-B0E1CFE4814B}.Debug|Any CPU.ActiveCfg = Debug|Any CPU
		{83A0067A-538B-4DAA-983C-B0E1CFE4814B}.Debug|Any CPU.Build.0 = Debug|Any CPU
		{83A0067A-538B-4DAA-983C-B0E1CFE4814B}.Release|Any CPU.ActiveCfg = Release|Any CPU
		{83A0067A-538B-4DAA-983C-B0E1CFE4814B}.Release|Any CPU.Build.0 = Release|Any CPU
		{39C99DED-9DEB-4033-B560-E84D9EA1A371}.Debug|Any CPU.ActiveCfg = Debug|Any CPU
		{39C99DED-9DEB-4033-B560-E84D9EA1A371}.Debug|Any CPU.Build.0 = Debug|Any CPU
		{39C99DED-9DEB-4033-B560-E84D9EA1A371}.Release|Any CPU.ActiveCfg = Release|Any CPU
		{39C99DED-9DEB-4033-B560-E84D9EA1A371}.Release|Any CPU.Build.0 = Release|Any CPU
		{E85C2319-2A46-4632-86E7-10C1EB4A9AB4}.Debug|Any CPU.ActiveCfg = Debug|Any CPU
		{E85C2319-2A46-4632-86E7-10C1EB4A9AB4}.Debug|Any CPU.Build.0 = Debug|Any CPU
		{E85C2319-2A46-4632-86E7-10C1EB4A9AB4}.Release|Any CPU.ActiveCfg = Release|Any CPU
		{E85C2319-2A46-4632-86E7-10C1EB4A9AB4}.Release|Any CPU.Build.0 = Release|Any CPU
		{D52D28A0-F42F-4230-8A2C-4B4D52E1EC49}.Debug|Any CPU.ActiveCfg = Debug|Any CPU
		{D52D28A0-F42F-4230-8A2C-4B4D52E1EC49}.Debug|Any CPU.Build.0 = Debug|Any CPU
		{D52D28A0-F42F-4230-8A2C-4B4D52E1EC49}.Release|Any CPU.ActiveCfg = Release|Any CPU
		{D52D28A0-F42F-4230-8A2C-4B4D52E1EC49}.Release|Any CPU.Build.0 = Release|Any CPU
	EndGlobalSection
	GlobalSection(SolutionProperties) = preSolution
		HideSolutionNode = FALSE
	EndGlobalSection
	GlobalSection(NestedProjects) = preSolution
		{D52D28A0-F42F-4230-8A2C-4B4D52E1EC49} = {45C67629-0A80-476C-A71A-3C1DDFD294B7}
	EndGlobalSection
	GlobalSection(ExtensibilityGlobals) = postSolution
		SolutionGuid = {452D3227-DFBB-434F-8A54-A1F6D9292AE4}
	EndGlobalSection
EndGlobal
